
Microsoft Visual Studio Solution File, Format Version 12.00
# Visual Studio 15
VisualStudioVersion = 15.0.28307.645
MinimumVisualStudioVersion = 10.0.40219.1
Project("{9A19103F-16F7-4668-BE54-9A1E7A4F7556}") = "1. Diagonal Difference", "1. Diagonal Difference\1. Diagonal Difference.csproj", "{8DD089A8-DED0-4ADE-B7B7-FC828414CC43}"
EndProject
Project("{9A19103F-16F7-4668-BE54-9A1E7A4F7556}") = "2. 2x2 Squares in Matrix", "2. 2x2 Squares in Matrix\2. 2x2 Squares in Matrix.csproj", "{5CA32718-5560-4FA1-B817-32105C61B9E8}"
EndProject
Project("{9A19103F-16F7-4668-BE54-9A1E7A4F7556}") = "3. Maximal Sum", "3. Maximal Sum\3. Maximal Sum.csproj", "{B7C8218C-5085-43DF-933A-9E615BDCC9CB}"
EndProject
Project("{9A19103F-16F7-4668-BE54-9A1E7A4F7556}") = "4. Matrix shuffling", "4. Matrix shuffling\4. Matrix shuffling.csproj", "{DDA0FBE6-3AE0-4BE8-B13F-5FECA4E38210}"
EndProject
Project("{9A19103F-16F7-4668-BE54-9A1E7A4F7556}") = "5. Snake Moves", "5. Snake Moves\5. Snake Moves.csproj", "{DBCDD5F3-FA61-4327-9640-C3AB00B7AEB6}"
EndProject
Project("{9A19103F-16F7-4668-BE54-9A1E7A4F7556}") = "6. Bomb the Basement", "6. Bomb the Basement\6. Bomb the Basement.csproj", "{EB888C90-64AB-4244-A71A-AE21C5306ED9}"
EndProject
Project("{FAE04EC0-301F-11D3-BF4B-00C04F79EFBC}") = "7.  Knight Game", "7.  Knight Game\7.  Knight Game.csproj", "{664DF7BC-DE38-4AB0-A381-FE5845B71912}"
EndProject
Global
	GlobalSection(SolutionConfigurationPlatforms) = preSolution
		Debug|Any CPU = Debug|Any CPU
		Release|Any CPU = Release|Any CPU
	EndGlobalSection
	GlobalSection(ProjectConfigurationPlatforms) = postSolution
		{8DD089A8-DED0-4ADE-B7B7-FC828414CC43}.Debug|Any CPU.ActiveCfg = Debug|Any CPU
		{8DD089A8-DED0-4ADE-B7B7-FC828414CC43}.Debug|Any CPU.Build.0 = Debug|Any CPU
		{8DD089A8-DED0-4ADE-B7B7-FC828414CC43}.Release|Any CPU.ActiveCfg = Release|Any CPU
		{8DD089A8-DED0-4ADE-B7B7-FC828414CC43}.Release|Any CPU.Build.0 = Release|Any CPU
		{5CA32718-5560-4FA1-B817-32105C61B9E8}.Debug|Any CPU.ActiveCfg = Debug|Any CPU
		{5CA32718-5560-4FA1-B817-32105C61B9E8}.Debug|Any CPU.Build.0 = Debug|Any CPU
		{5CA32718-5560-4FA1-B817-32105C61B9E8}.Release|Any CPU.ActiveCfg = Release|Any CPU
		{5CA32718-5560-4FA1-B817-32105C61B9E8}.Release|Any CPU.Build.0 = Release|Any CPU
		{B7C8218C-5085-43DF-933A-9E615BDCC9CB}.Debug|Any CPU.ActiveCfg = Debug|Any CPU
		{B7C8218C-5085-43DF-933A-9E615BDCC9CB}.Debug|Any CPU.Build.0 = Debug|Any CPU
		{B7C8218C-5085-43DF-933A-9E615BDCC9CB}.Release|Any CPU.ActiveCfg = Release|Any CPU
		{B7C8218C-5085-43DF-933A-9E615BDCC9CB}.Release|Any CPU.Build.0 = Release|Any CPU
		{DDA0FBE6-3AE0-4BE8-B13F-5FECA4E38210}.Debug|Any CPU.ActiveCfg = Debug|Any CPU
		{DDA0FBE6-3AE0-4BE8-B13F-5FECA4E38210}.Debug|Any CPU.Build.0 = Debug|Any CPU
		{DDA0FBE6-3AE0-4BE8-B13F-5FECA4E38210}.Release|Any CPU.ActiveCfg = Release|Any CPU
		{DDA0FBE6-3AE0-4BE8-B13F-5FECA4E38210}.Release|Any CPU.Build.0 = Release|Any CPU
		{DBCDD5F3-FA61-4327-9640-C3AB00B7AEB6}.Debug|Any CPU.ActiveCfg = Debug|Any CPU
		{DBCDD5F3-FA61-4327-9640-C3AB00B7AEB6}.Debug|Any CPU.Build.0 = Debug|Any CPU
		{DBCDD5F3-FA61-4327-9640-C3AB00B7AEB6}.Release|Any CPU.ActiveCfg = Release|Any CPU
		{DBCDD5F3-FA61-4327-9640-C3AB00B7AEB6}.Release|Any CPU.Build.0 = Release|Any CPU
		{EB888C90-64AB-4244-A71A-AE21C5306ED9}.Debug|Any CPU.ActiveCfg = Debug|Any CPU
		{EB888C90-64AB-4244-A71A-AE21C5306ED9}.Debug|Any CPU.Build.0 = Debug|Any CPU
		{EB888C90-64AB-4244-A71A-AE21C5306ED9}.Release|Any CPU.ActiveCfg = Release|Any CPU
		{EB888C90-64AB-4244-A71A-AE21C5306ED9}.Release|Any CPU.Build.0 = Release|Any CPU
		{664DF7BC-DE38-4AB0-A381-FE5845B71912}.Debug|Any CPU.ActiveCfg = Debug|Any CPU
		{664DF7BC-DE38-4AB0-A381-FE5845B71912}.Debug|Any CPU.Build.0 = Debug|Any CPU
		{664DF7BC-DE38-4AB0-A381-FE5845B71912}.Release|Any CPU.ActiveCfg = Release|Any CPU
		{664DF7BC-DE38-4AB0-A381-FE5845B71912}.Release|Any CPU.Build.0 = Release|Any CPU
	EndGlobalSection
	GlobalSection(SolutionProperties) = preSolution
		HideSolutionNode = FALSE
	EndGlobalSection
	GlobalSection(ExtensibilityGlobals) = postSolution
		SolutionGuid = {4E808851-645E-43E2-A8B8-21DAE983F072}
	EndGlobalSection
EndGlobal
