
Microsoft Visual Studio Solution File, Format Version 12.00
# Visual Studio 15
VisualStudioVersion = 15.0.28307.645
MinimumVisualStudioVersion = 10.0.40219.1
Project("{9A19103F-16F7-4668-BE54-9A1E7A4F7556}") = "1. Rhombus of Stars", "1. Rhombus of Stars\1. Rhombus of Stars.csproj", "{A504FDD4-3D14-458E-8C17-68DF1AF8E82F}"
EndProject
Project("{9A19103F-16F7-4668-BE54-9A1E7A4F7556}") = "PointInRectangle", "PointInRectangle\PointInRectangle.csproj", "{E8C80853-03E4-4534-81F1-9A95B153700A}"
EndProject
Project("{FAE04EC0-301F-11D3-BF4B-00C04F79EFBC}") = "P03_StudentSystem", "P03_StudentSystem\P03_StudentSystem.csproj", "{E98F7C05-9DA7-4CF1-A1E9-3137912254F7}"
EndProject
Global
	GlobalSection(SolutionConfigurationPlatforms) = preSolution
		Debug|Any CPU = Debug|Any CPU
		Release|Any CPU = Release|Any CPU
	EndGlobalSection
	GlobalSection(ProjectConfigurationPlatforms) = postSolution
		{A504FDD4-3D14-458E-8C17-68DF1AF8E82F}.Debug|Any CPU.ActiveCfg = Debug|Any CPU
		{A504FDD4-3D14-458E-8C17-68DF1AF8E82F}.Debug|Any CPU.Build.0 = Debug|Any CPU
		{A504FDD4-3D14-458E-8C17-68DF1AF8E82F}.Release|Any CPU.ActiveCfg = Release|Any CPU
		{A504FDD4-3D14-458E-8C17-68DF1AF8E82F}.Release|Any CPU.Build.0 = Release|Any CPU
		{E8C80853-03E4-4534-81F1-9A95B153700A}.Debug|Any CPU.ActiveCfg = Debug|Any CPU
		{E8C80853-03E4-4534-81F1-9A95B153700A}.Debug|Any CPU.Build.0 = Debug|Any CPU
		{E8C80853-03E4-4534-81F1-9A95B153700A}.Release|Any CPU.ActiveCfg = Release|Any CPU
		{E8C80853-03E4-4534-81F1-9A95B153700A}.Release|Any CPU.Build.0 = Release|Any CPU
		{E98F7C05-9DA7-4CF1-A1E9-3137912254F7}.Debug|Any CPU.ActiveCfg = Debug|Any CPU
		{E98F7C05-9DA7-4CF1-A1E9-3137912254F7}.Debug|Any CPU.Build.0 = Debug|Any CPU
		{E98F7C05-9DA7-4CF1-A1E9-3137912254F7}.Release|Any CPU.ActiveCfg = Release|Any CPU
		{E98F7C05-9DA7-4CF1-A1E9-3137912254F7}.Release|Any CPU.Build.0 = Release|Any CPU
	EndGlobalSection
	GlobalSection(SolutionProperties) = preSolution
		HideSolutionNode = FALSE
	EndGlobalSection
	GlobalSection(ExtensibilityGlobals) = postSolution
		SolutionGuid = {7F070CC9-AF40-4915-AB5C-8D5A24B3366E}
	EndGlobalSection
EndGlobal
