
Microsoft Visual Studio Solution File, Format Version 12.00
# Visual Studio Version 16
VisualStudioVersion = 16.0.29613.14
MinimumVisualStudioVersion = 10.0.40219.1
Project("{FAE04EC0-301F-11D3-BF4B-00C04F79EFBC}") = "P03_SalesDatabase", "P03_SalesDatabase\P03_SalesDatabase.csproj", "{D00D8402-1E4E-4A30-9233-25632F528E60}"
EndProject
Global
	GlobalSection(SolutionConfigurationPlatforms) = preSolution
		Debug|Any CPU = Debug|Any CPU
		Release|Any CPU = Release|Any CPU
	EndGlobalSection
	GlobalSection(ProjectConfigurationPlatforms) = postSolution
		{D00D8402-1E4E-4A30-9233-25632F528E60}.Debug|Any CPU.ActiveCfg = Debug|Any CPU
		{D00D8402-1E4E-4A30-9233-25632F528E60}.Debug|Any CPU.Build.0 = Debug|Any CPU
		{D00D8402-1E4E-4A30-9233-25632F528E60}.Release|Any CPU.ActiveCfg = Release|Any CPU
		{D00D8402-1E4E-4A30-9233-25632F528E60}.Release|Any CPU.Build.0 = Release|Any CPU
	EndGlobalSection
	GlobalSection(SolutionProperties) = preSolution
		HideSolutionNode = FALSE
	EndGlobalSection
	GlobalSection(ExtensibilityGlobals) = postSolution
		SolutionGuid = {B4564A0E-609E-4AA0-80D7-BE8EFD38E2F4}
	EndGlobalSection
EndGlobal
