
Microsoft Visual Studio Solution File, Format Version 12.00
# Visual Studio 15
VisualStudioVersion = 15.0.28307.645
MinimumVisualStudioVersion = 10.0.40219.1
Project("{9A19103F-16F7-4668-BE54-9A1E7A4F7556}") = "Problem 1. ListyIterator", "Problem 1. ListyIterator\Problem 1. ListyIterator.csproj", "{0FC736FE-FA31-4C8C-B877-8CC1038A5648}"
EndProject
Project("{9A19103F-16F7-4668-BE54-9A1E7A4F7556}") = "Problem 2. Collection", "Problem 2. Collection\Problem 2. Collection.csproj", "{D0D53817-9890-456B-BAF5-5B2F35C8CE74}"
EndProject
Project("{9A19103F-16F7-4668-BE54-9A1E7A4F7556}") = "Stack", "Stack\Stack.csproj", "{73D577B4-2602-4AAC-B9D0-298000D951F7}"
EndProject
Project("{FAE04EC0-301F-11D3-BF4B-00C04F79EFBC}") = "Froggy", "Froggy\Froggy.csproj", "{271A9F7B-93AA-43E6-9CAC-8BB1DE6A44D0}"
EndProject
Project("{FAE04EC0-301F-11D3-BF4B-00C04F79EFBC}") = "ComparingObjects", "ComparingObjects\ComparingObjects.csproj", "{CF04FB29-5100-4798-BE9C-27D6A50A6FED}"
EndProject
Global
	GlobalSection(SolutionConfigurationPlatforms) = preSolution
		Debug|Any CPU = Debug|Any CPU
		Release|Any CPU = Release|Any CPU
	EndGlobalSection
	GlobalSection(ProjectConfigurationPlatforms) = postSolution
		{0FC736FE-FA31-4C8C-B877-8CC1038A5648}.Debug|Any CPU.ActiveCfg = Debug|Any CPU
		{0FC736FE-FA31-4C8C-B877-8CC1038A5648}.Debug|Any CPU.Build.0 = Debug|Any CPU
		{0FC736FE-FA31-4C8C-B877-8CC1038A5648}.Release|Any CPU.ActiveCfg = Release|Any CPU
		{0FC736FE-FA31-4C8C-B877-8CC1038A5648}.Release|Any CPU.Build.0 = Release|Any CPU
		{D0D53817-9890-456B-BAF5-5B2F35C8CE74}.Debug|Any CPU.ActiveCfg = Debug|Any CPU
		{D0D53817-9890-456B-BAF5-5B2F35C8CE74}.Debug|Any CPU.Build.0 = Debug|Any CPU
		{D0D53817-9890-456B-BAF5-5B2F35C8CE74}.Release|Any CPU.ActiveCfg = Release|Any CPU
		{D0D53817-9890-456B-BAF5-5B2F35C8CE74}.Release|Any CPU.Build.0 = Release|Any CPU
		{73D577B4-2602-4AAC-B9D0-298000D951F7}.Debug|Any CPU.ActiveCfg = Debug|Any CPU
		{73D577B4-2602-4AAC-B9D0-298000D951F7}.Debug|Any CPU.Build.0 = Debug|Any CPU
		{73D577B4-2602-4AAC-B9D0-298000D951F7}.Release|Any CPU.ActiveCfg = Release|Any CPU
		{73D577B4-2602-4AAC-B9D0-298000D951F7}.Release|Any CPU.Build.0 = Release|Any CPU
		{271A9F7B-93AA-43E6-9CAC-8BB1DE6A44D0}.Debug|Any CPU.ActiveCfg = Debug|Any CPU
		{271A9F7B-93AA-43E6-9CAC-8BB1DE6A44D0}.Debug|Any CPU.Build.0 = Debug|Any CPU
		{271A9F7B-93AA-43E6-9CAC-8BB1DE6A44D0}.Release|Any CPU.ActiveCfg = Release|Any CPU
		{271A9F7B-93AA-43E6-9CAC-8BB1DE6A44D0}.Release|Any CPU.Build.0 = Release|Any CPU
		{CF04FB29-5100-4798-BE9C-27D6A50A6FED}.Debug|Any CPU.ActiveCfg = Debug|Any CPU
		{CF04FB29-5100-4798-BE9C-27D6A50A6FED}.Debug|Any CPU.Build.0 = Debug|Any CPU
		{CF04FB29-5100-4798-BE9C-27D6A50A6FED}.Release|Any CPU.ActiveCfg = Release|Any CPU
		{CF04FB29-5100-4798-BE9C-27D6A50A6FED}.Release|Any CPU.Build.0 = Release|Any CPU
	EndGlobalSection
	GlobalSection(SolutionProperties) = preSolution
		HideSolutionNode = FALSE
	EndGlobalSection
	GlobalSection(ExtensibilityGlobals) = postSolution
		SolutionGuid = {1E76D3E2-E5C7-409E-B78E-6A39557187A7}
	EndGlobalSection
EndGlobal
