
Microsoft Visual Studio Solution File, Format Version 12.00
# Visual Studio Version 16
VisualStudioVersion = 16.0.29324.140
MinimumVisualStudioVersion = 10.0.40219.1
Project("{FAE04EC0-301F-11D3-BF4B-00C04F79EFBC}") = "Problem 1. Define a Class Person", "Problem 1. Define a Class Person\Problem 1. Define a Class Person.csproj", "{6EF6A55F-BB00-40E0-9EAF-C6FDA6A21B80}"
EndProject
Project("{FAE04EC0-301F-11D3-BF4B-00C04F79EFBC}") = "Problem 2. Creating Constructors", "Problem 2. Creating Constructors\Problem 2. Creating Constructors.csproj", "{C94E94DD-BA7C-47C3-AF19-1EDAE93DB2CA}"
EndProject
Project("{FAE04EC0-301F-11D3-BF4B-00C04F79EFBC}") = "Problem 3. Oldest Family Member", "Problem 3. Oldest Family Member\Problem 3. Oldest Family Member.csproj", "{14061370-32D3-4453-A8EA-D0C9D5C2C5AC}"
EndProject
Project("{FAE04EC0-301F-11D3-BF4B-00C04F79EFBC}") = "Problem 4. Opinion Poll", "Problem 4. Opinion Poll\Problem 4. Opinion Poll.csproj", "{52999426-3470-4119-835B-068924628875}"
EndProject
Project("{FAE04EC0-301F-11D3-BF4B-00C04F79EFBC}") = "Problem 5. Date Modifier", "Problem 5. Date Modifier\Problem 5. Date Modifier.csproj", "{1C9DBB37-B625-41F0-9739-0BA41ABE1F85}"
EndProject
Project("{9A19103F-16F7-4668-BE54-9A1E7A4F7556}") = "Problem 5. Date Modifier - Core", "Problem 5. Date Modifier - Core\Problem 5. Date Modifier - Core.csproj", "{1A762013-55E6-4B68-B2C3-61A70B7A5C6D}"
EndProject
Project("{9A19103F-16F7-4668-BE54-9A1E7A4F7556}") = "Problem5DateModifier", "Problem5DateModifier\Problem5DateModifier.csproj", "{2D611AAF-EDA1-4830-ACEF-E3FE42B65F50}"
EndProject
Project("{FAE04EC0-301F-11D3-BF4B-00C04F79EFBC}") = "Problem 6. Speed Racing", "Problem 6. Speed Racing\Problem 6. Speed Racing.csproj", "{5324AB23-2197-4139-A374-E2A1F4D6078A}"
EndProject
Global
	GlobalSection(SolutionConfigurationPlatforms) = preSolution
		Debug|Any CPU = Debug|Any CPU
		Release|Any CPU = Release|Any CPU
	EndGlobalSection
	GlobalSection(ProjectConfigurationPlatforms) = postSolution
		{6EF6A55F-BB00-40E0-9EAF-C6FDA6A21B80}.Debug|Any CPU.ActiveCfg = Debug|Any CPU
		{6EF6A55F-BB00-40E0-9EAF-C6FDA6A21B80}.Debug|Any CPU.Build.0 = Debug|Any CPU
		{6EF6A55F-BB00-40E0-9EAF-C6FDA6A21B80}.Release|Any CPU.ActiveCfg = Release|Any CPU
		{6EF6A55F-BB00-40E0-9EAF-C6FDA6A21B80}.Release|Any CPU.Build.0 = Release|Any CPU
		{C94E94DD-BA7C-47C3-AF19-1EDAE93DB2CA}.Debug|Any CPU.ActiveCfg = Debug|Any CPU
		{C94E94DD-BA7C-47C3-AF19-1EDAE93DB2CA}.Debug|Any CPU.Build.0 = Debug|Any CPU
		{C94E94DD-BA7C-47C3-AF19-1EDAE93DB2CA}.Release|Any CPU.ActiveCfg = Release|Any CPU
		{C94E94DD-BA7C-47C3-AF19-1EDAE93DB2CA}.Release|Any CPU.Build.0 = Release|Any CPU
		{14061370-32D3-4453-A8EA-D0C9D5C2C5AC}.Debug|Any CPU.ActiveCfg = Debug|Any CPU
		{14061370-32D3-4453-A8EA-D0C9D5C2C5AC}.Debug|Any CPU.Build.0 = Debug|Any CPU
		{14061370-32D3-4453-A8EA-D0C9D5C2C5AC}.Release|Any CPU.ActiveCfg = Release|Any CPU
		{14061370-32D3-4453-A8EA-D0C9D5C2C5AC}.Release|Any CPU.Build.0 = Release|Any CPU
		{52999426-3470-4119-835B-068924628875}.Debug|Any CPU.ActiveCfg = Debug|Any CPU
		{52999426-3470-4119-835B-068924628875}.Debug|Any CPU.Build.0 = Debug|Any CPU
		{52999426-3470-4119-835B-068924628875}.Release|Any CPU.ActiveCfg = Release|Any CPU
		{52999426-3470-4119-835B-068924628875}.Release|Any CPU.Build.0 = Release|Any CPU
		{1C9DBB37-B625-41F0-9739-0BA41ABE1F85}.Debug|Any CPU.ActiveCfg = Debug|Any CPU
		{1C9DBB37-B625-41F0-9739-0BA41ABE1F85}.Debug|Any CPU.Build.0 = Debug|Any CPU
		{1C9DBB37-B625-41F0-9739-0BA41ABE1F85}.Release|Any CPU.ActiveCfg = Release|Any CPU
		{1C9DBB37-B625-41F0-9739-0BA41ABE1F85}.Release|Any CPU.Build.0 = Release|Any CPU
		{1A762013-55E6-4B68-B2C3-61A70B7A5C6D}.Debug|Any CPU.ActiveCfg = Debug|Any CPU
		{1A762013-55E6-4B68-B2C3-61A70B7A5C6D}.Debug|Any CPU.Build.0 = Debug|Any CPU
		{1A762013-55E6-4B68-B2C3-61A70B7A5C6D}.Release|Any CPU.ActiveCfg = Release|Any CPU
		{1A762013-55E6-4B68-B2C3-61A70B7A5C6D}.Release|Any CPU.Build.0 = Release|Any CPU
		{2D611AAF-EDA1-4830-ACEF-E3FE42B65F50}.Debug|Any CPU.ActiveCfg = Debug|Any CPU
		{2D611AAF-EDA1-4830-ACEF-E3FE42B65F50}.Debug|Any CPU.Build.0 = Debug|Any CPU
		{2D611AAF-EDA1-4830-ACEF-E3FE42B65F50}.Release|Any CPU.ActiveCfg = Release|Any CPU
		{2D611AAF-EDA1-4830-ACEF-E3FE42B65F50}.Release|Any CPU.Build.0 = Release|Any CPU
		{5324AB23-2197-4139-A374-E2A1F4D6078A}.Debug|Any CPU.ActiveCfg = Debug|Any CPU
		{5324AB23-2197-4139-A374-E2A1F4D6078A}.Debug|Any CPU.Build.0 = Debug|Any CPU
		{5324AB23-2197-4139-A374-E2A1F4D6078A}.Release|Any CPU.ActiveCfg = Release|Any CPU
		{5324AB23-2197-4139-A374-E2A1F4D6078A}.Release|Any CPU.Build.0 = Release|Any CPU
	EndGlobalSection
	GlobalSection(SolutionProperties) = preSolution
		HideSolutionNode = FALSE
	EndGlobalSection
	GlobalSection(ExtensibilityGlobals) = postSolution
		SolutionGuid = {68113349-63E4-445C-A3EA-E63B1A135B12}
	EndGlobalSection
EndGlobal
