
Microsoft Visual Studio Solution File, Format Version 12.00
# Visual Studio Version 16
VisualStudioVersion = 16.0.29324.140
MinimumVisualStudioVersion = 10.0.40219.1
Project("{FAE04EC0-301F-11D3-BF4B-00C04F79EFBC}") = "Problem 1. Define a Class Person", "Problem 1. Define a Class Person\Problem 1. Define a Class Person.csproj", "{6EF6A55F-BB00-40E0-9EAF-C6FDA6A21B80}"
EndProject
Project("{FAE04EC0-301F-11D3-BF4B-00C04F79EFBC}") = "Problem 2. Creating Constructors", "Problem 2. Creating Constructors\Problem 2. Creating Constructors.csproj", "{C94E94DD-BA7C-47C3-AF19-1EDAE93DB2CA}"
EndProject
Project("{9A19103F-16F7-4668-BE54-9A1E7A4F7556}") = "DateModifier", "DateModifier\DateModifier.csproj", "{A2821C8E-E0A3-486C-BF01-65EAD96F9A6F}"
EndProject
Project("{9A19103F-16F7-4668-BE54-9A1E7A4F7556}") = "OldestFamilyMember", "OldestFamilyMember\OldestFamilyMember.csproj", "{D00F94E5-675B-4389-BFC4-FA77A97681DD}"
EndProject
Project("{FAE04EC0-301F-11D3-BF4B-00C04F79EFBC}") = "OpinionPoll", "OpinionPoll\OpinionPoll.csproj", "{99B9A00C-F005-4306-9781-48B5A36E127F}"
EndProject
Project("{FAE04EC0-301F-11D3-BF4B-00C04F79EFBC}") = "SpeedRacing", "SpeedRacing\SpeedRacing.csproj", "{B7428FA0-AF12-4BC9-991A-944AE0C1A801}"
EndProject
Project("{FAE04EC0-301F-11D3-BF4B-00C04F79EFBC}") = "RawData", "RawData\RawData.csproj", "{4220362B-1053-422B-8D6A-DA28BCF7361D}"
EndProject
Project("{FAE04EC0-301F-11D3-BF4B-00C04F79EFBC}") = "CarSalesman", "CarSalesman\CarSalesman.csproj", "{1F6F7294-A029-48D6-AE32-0A225255ED65}"
EndProject
Project("{FAE04EC0-301F-11D3-BF4B-00C04F79EFBC}") = "PokemonTrainer", "PokemonTrainer\PokemonTrainer.csproj", "{1071EFB3-1E9F-4D34-BD53-DC4FAACB7B32}"
EndProject
Global
	GlobalSection(SolutionConfigurationPlatforms) = preSolution
		Debug|Any CPU = Debug|Any CPU
		Release|Any CPU = Release|Any CPU
	EndGlobalSection
	GlobalSection(ProjectConfigurationPlatforms) = postSolution
		{6EF6A55F-BB00-40E0-9EAF-C6FDA6A21B80}.Debug|Any CPU.ActiveCfg = Debug|Any CPU
		{6EF6A55F-BB00-40E0-9EAF-C6FDA6A21B80}.Debug|Any CPU.Build.0 = Debug|Any CPU
		{6EF6A55F-BB00-40E0-9EAF-C6FDA6A21B80}.Release|Any CPU.ActiveCfg = Release|Any CPU
		{6EF6A55F-BB00-40E0-9EAF-C6FDA6A21B80}.Release|Any CPU.Build.0 = Release|Any CPU
		{C94E94DD-BA7C-47C3-AF19-1EDAE93DB2CA}.Debug|Any CPU.ActiveCfg = Debug|Any CPU
		{C94E94DD-BA7C-47C3-AF19-1EDAE93DB2CA}.Debug|Any CPU.Build.0 = Debug|Any CPU
		{C94E94DD-BA7C-47C3-AF19-1EDAE93DB2CA}.Release|Any CPU.ActiveCfg = Release|Any CPU
		{C94E94DD-BA7C-47C3-AF19-1EDAE93DB2CA}.Release|Any CPU.Build.0 = Release|Any CPU
		{A2821C8E-E0A3-486C-BF01-65EAD96F9A6F}.Debug|Any CPU.ActiveCfg = Debug|Any CPU
		{A2821C8E-E0A3-486C-BF01-65EAD96F9A6F}.Debug|Any CPU.Build.0 = Debug|Any CPU
		{A2821C8E-E0A3-486C-BF01-65EAD96F9A6F}.Release|Any CPU.ActiveCfg = Release|Any CPU
		{A2821C8E-E0A3-486C-BF01-65EAD96F9A6F}.Release|Any CPU.Build.0 = Release|Any CPU
		{D00F94E5-675B-4389-BFC4-FA77A97681DD}.Debug|Any CPU.ActiveCfg = Debug|Any CPU
		{D00F94E5-675B-4389-BFC4-FA77A97681DD}.Debug|Any CPU.Build.0 = Debug|Any CPU
		{D00F94E5-675B-4389-BFC4-FA77A97681DD}.Release|Any CPU.ActiveCfg = Release|Any CPU
		{D00F94E5-675B-4389-BFC4-FA77A97681DD}.Release|Any CPU.Build.0 = Release|Any CPU
		{99B9A00C-F005-4306-9781-48B5A36E127F}.Debug|Any CPU.ActiveCfg = Debug|Any CPU
		{99B9A00C-F005-4306-9781-48B5A36E127F}.Debug|Any CPU.Build.0 = Debug|Any CPU
		{99B9A00C-F005-4306-9781-48B5A36E127F}.Release|Any CPU.ActiveCfg = Release|Any CPU
		{99B9A00C-F005-4306-9781-48B5A36E127F}.Release|Any CPU.Build.0 = Release|Any CPU
		{B7428FA0-AF12-4BC9-991A-944AE0C1A801}.Debug|Any CPU.ActiveCfg = Debug|Any CPU
		{B7428FA0-AF12-4BC9-991A-944AE0C1A801}.Debug|Any CPU.Build.0 = Debug|Any CPU
		{B7428FA0-AF12-4BC9-991A-944AE0C1A801}.Release|Any CPU.ActiveCfg = Release|Any CPU
		{B7428FA0-AF12-4BC9-991A-944AE0C1A801}.Release|Any CPU.Build.0 = Release|Any CPU
		{4220362B-1053-422B-8D6A-DA28BCF7361D}.Debug|Any CPU.ActiveCfg = Debug|Any CPU
		{4220362B-1053-422B-8D6A-DA28BCF7361D}.Debug|Any CPU.Build.0 = Debug|Any CPU
		{4220362B-1053-422B-8D6A-DA28BCF7361D}.Release|Any CPU.ActiveCfg = Release|Any CPU
		{4220362B-1053-422B-8D6A-DA28BCF7361D}.Release|Any CPU.Build.0 = Release|Any CPU
		{1F6F7294-A029-48D6-AE32-0A225255ED65}.Debug|Any CPU.ActiveCfg = Debug|Any CPU
		{1F6F7294-A029-48D6-AE32-0A225255ED65}.Debug|Any CPU.Build.0 = Debug|Any CPU
		{1F6F7294-A029-48D6-AE32-0A225255ED65}.Release|Any CPU.ActiveCfg = Release|Any CPU
		{1F6F7294-A029-48D6-AE32-0A225255ED65}.Release|Any CPU.Build.0 = Release|Any CPU
		{1071EFB3-1E9F-4D34-BD53-DC4FAACB7B32}.Debug|Any CPU.ActiveCfg = Debug|Any CPU
		{1071EFB3-1E9F-4D34-BD53-DC4FAACB7B32}.Debug|Any CPU.Build.0 = Debug|Any CPU
		{1071EFB3-1E9F-4D34-BD53-DC4FAACB7B32}.Release|Any CPU.ActiveCfg = Release|Any CPU
		{1071EFB3-1E9F-4D34-BD53-DC4FAACB7B32}.Release|Any CPU.Build.0 = Release|Any CPU
	EndGlobalSection
	GlobalSection(SolutionProperties) = preSolution
		HideSolutionNode = FALSE
	EndGlobalSection
	GlobalSection(ExtensibilityGlobals) = postSolution
		SolutionGuid = {68113349-63E4-445C-A3EA-E63B1A135B12}
	EndGlobalSection
EndGlobal
