
Microsoft Visual Studio Solution File, Format Version 12.00
# Visual Studio 15
VisualStudioVersion = 15.0.28307.645
MinimumVisualStudioVersion = 10.0.40219.1
Project("{FAE04EC0-301F-11D3-BF4B-00C04F79EFBC}") = "Problem 1. Car", "Problem 1. Car\Problem 1. Car.csproj", "{987CF4F4-248D-4664-A827-DC5D08BC7DE3}"
EndProject
Project("{FAE04EC0-301F-11D3-BF4B-00C04F79EFBC}") = "Problem 2. Car Extension", "Problem 2. Car Extension\Problem 2. Car Extension.csproj", "{52BEE08B-058B-4FF8-A040-8DE207F2DEF6}"
EndProject
Project("{FAE04EC0-301F-11D3-BF4B-00C04F79EFBC}") = "Problem 3. Car Constructors", "Problem 3. Car Constructors\Problem 3. Car Constructors.csproj", "{EA4CD37E-EF0F-484D-8D09-C544BBDFAD72}"
EndProject
Project("{FAE04EC0-301F-11D3-BF4B-00C04F79EFBC}") = "Problem 4. Car Engine and Tires", "Problem 4. Car Engine and Tires\Problem 4. Car Engine and Tires.csproj", "{39441608-AB19-4548-B2FD-EDCDBB51A003}"
EndProject
Project("{FAE04EC0-301F-11D3-BF4B-00C04F79EFBC}") = "Problem 5. Special Cars", "Problem 5. Special Cars\Problem 5. Special Cars.csproj", "{EAC380EC-5183-4D86-AFCE-C1ADEAEC9E9B}"
EndProject
Global
	GlobalSection(SolutionConfigurationPlatforms) = preSolution
		Debug|Any CPU = Debug|Any CPU
		Release|Any CPU = Release|Any CPU
	EndGlobalSection
	GlobalSection(ProjectConfigurationPlatforms) = postSolution
		{987CF4F4-248D-4664-A827-DC5D08BC7DE3}.Debug|Any CPU.ActiveCfg = Debug|Any CPU
		{987CF4F4-248D-4664-A827-DC5D08BC7DE3}.Debug|Any CPU.Build.0 = Debug|Any CPU
		{987CF4F4-248D-4664-A827-DC5D08BC7DE3}.Release|Any CPU.ActiveCfg = Release|Any CPU
		{987CF4F4-248D-4664-A827-DC5D08BC7DE3}.Release|Any CPU.Build.0 = Release|Any CPU
		{52BEE08B-058B-4FF8-A040-8DE207F2DEF6}.Debug|Any CPU.ActiveCfg = Debug|Any CPU
		{52BEE08B-058B-4FF8-A040-8DE207F2DEF6}.Debug|Any CPU.Build.0 = Debug|Any CPU
		{52BEE08B-058B-4FF8-A040-8DE207F2DEF6}.Release|Any CPU.ActiveCfg = Release|Any CPU
		{52BEE08B-058B-4FF8-A040-8DE207F2DEF6}.Release|Any CPU.Build.0 = Release|Any CPU
		{EA4CD37E-EF0F-484D-8D09-C544BBDFAD72}.Debug|Any CPU.ActiveCfg = Debug|Any CPU
		{EA4CD37E-EF0F-484D-8D09-C544BBDFAD72}.Debug|Any CPU.Build.0 = Debug|Any CPU
		{EA4CD37E-EF0F-484D-8D09-C544BBDFAD72}.Release|Any CPU.ActiveCfg = Release|Any CPU
		{EA4CD37E-EF0F-484D-8D09-C544BBDFAD72}.Release|Any CPU.Build.0 = Release|Any CPU
		{39441608-AB19-4548-B2FD-EDCDBB51A003}.Debug|Any CPU.ActiveCfg = Debug|Any CPU
		{39441608-AB19-4548-B2FD-EDCDBB51A003}.Debug|Any CPU.Build.0 = Debug|Any CPU
		{39441608-AB19-4548-B2FD-EDCDBB51A003}.Release|Any CPU.ActiveCfg = Release|Any CPU
		{39441608-AB19-4548-B2FD-EDCDBB51A003}.Release|Any CPU.Build.0 = Release|Any CPU
		{EAC380EC-5183-4D86-AFCE-C1ADEAEC9E9B}.Debug|Any CPU.ActiveCfg = Debug|Any CPU
		{EAC380EC-5183-4D86-AFCE-C1ADEAEC9E9B}.Debug|Any CPU.Build.0 = Debug|Any CPU
		{EAC380EC-5183-4D86-AFCE-C1ADEAEC9E9B}.Release|Any CPU.ActiveCfg = Release|Any CPU
		{EAC380EC-5183-4D86-AFCE-C1ADEAEC9E9B}.Release|Any CPU.Build.0 = Release|Any CPU
	EndGlobalSection
	GlobalSection(SolutionProperties) = preSolution
		HideSolutionNode = FALSE
	EndGlobalSection
	GlobalSection(ExtensibilityGlobals) = postSolution
		SolutionGuid = {57649104-30FA-4A13-822A-2F74062B9FD2}
	EndGlobalSection
EndGlobal
