
Microsoft Visual Studio Solution File, Format Version 12.00
# Visual Studio 15
VisualStudioVersion = 15.0.28307.645
MinimumVisualStudioVersion = 10.0.40219.1
Project("{9A19103F-16F7-4668-BE54-9A1E7A4F7556}") = "SummerCocktails", "SummerCocktails\SummerCocktails.csproj", "{6FD230F5-520D-4D09-97C8-CFB322C19331}"
EndProject
Project("{FAE04EC0-301F-11D3-BF4B-00C04F79EFBC}") = "SeashellTreasure", "SeashellTreasure\SeashellTreasure.csproj", "{DBBBAC99-DDFD-4279-BA7D-988AB5E8AB09}"
EndProject
Global
	GlobalSection(SolutionConfigurationPlatforms) = preSolution
		Debug|Any CPU = Debug|Any CPU
		Release|Any CPU = Release|Any CPU
	EndGlobalSection
	GlobalSection(ProjectConfigurationPlatforms) = postSolution
		{6FD230F5-520D-4D09-97C8-CFB322C19331}.Debug|Any CPU.ActiveCfg = Debug|Any CPU
		{6FD230F5-520D-4D09-97C8-CFB322C19331}.Debug|Any CPU.Build.0 = Debug|Any CPU
		{6FD230F5-520D-4D09-97C8-CFB322C19331}.Release|Any CPU.ActiveCfg = Release|Any CPU
		{6FD230F5-520D-4D09-97C8-CFB322C19331}.Release|Any CPU.Build.0 = Release|Any CPU
		{DBBBAC99-DDFD-4279-BA7D-988AB5E8AB09}.Debug|Any CPU.ActiveCfg = Debug|Any CPU
		{DBBBAC99-DDFD-4279-BA7D-988AB5E8AB09}.Debug|Any CPU.Build.0 = Debug|Any CPU
		{DBBBAC99-DDFD-4279-BA7D-988AB5E8AB09}.Release|Any CPU.ActiveCfg = Release|Any CPU
		{DBBBAC99-DDFD-4279-BA7D-988AB5E8AB09}.Release|Any CPU.Build.0 = Release|Any CPU
	EndGlobalSection
	GlobalSection(SolutionProperties) = preSolution
		HideSolutionNode = FALSE
	EndGlobalSection
	GlobalSection(ExtensibilityGlobals) = postSolution
		SolutionGuid = {C953C022-7500-457B-9FAA-7246B583A34D}
	EndGlobalSection
EndGlobal
