
Microsoft Visual Studio Solution File, Format Version 12.00
# Visual Studio 15
VisualStudioVersion = 15.0.28307.645
MinimumVisualStudioVersion = 10.0.40219.1
Project("{9A19103F-16F7-4668-BE54-9A1E7A4F7556}") = "Problem 1. Basic Stack Operations", "Problem 1. Basic Stack Operations\Problem 1. Basic Stack Operations.csproj", "{F7AE212E-57CF-45EC-99F7-B5B614B05A5A}"
EndProject
Project("{FAE04EC0-301F-11D3-BF4B-00C04F79EFBC}") = "Problem 2. Basic Queue Operations", "Problem 2. Basic Queue Operations\Problem 2. Basic Queue Operations.csproj", "{7F6D130B-C591-4B35-9EEF-32B1879B6FB3}"
EndProject
Project("{FAE04EC0-301F-11D3-BF4B-00C04F79EFBC}") = "Problem 3. Maximum and Minimum Element", "Problem 3. Maximum and Minimum Element\Problem 3. Maximum and Minimum Element.csproj", "{83F41A8F-02F4-4B26-9DA2-BA8D08A9AF02}"
EndProject
Project("{FAE04EC0-301F-11D3-BF4B-00C04F79EFBC}") = "Problem 4.  Fast Food", "Problem 4.  Fast Food\Problem 4.  Fast Food.csproj", "{28144739-7600-48CA-A0EF-5D4FCFA4DBC1}"
EndProject
Global
	GlobalSection(SolutionConfigurationPlatforms) = preSolution
		Debug|Any CPU = Debug|Any CPU
		Release|Any CPU = Release|Any CPU
	EndGlobalSection
	GlobalSection(ProjectConfigurationPlatforms) = postSolution
		{F7AE212E-57CF-45EC-99F7-B5B614B05A5A}.Debug|Any CPU.ActiveCfg = Debug|Any CPU
		{F7AE212E-57CF-45EC-99F7-B5B614B05A5A}.Debug|Any CPU.Build.0 = Debug|Any CPU
		{F7AE212E-57CF-45EC-99F7-B5B614B05A5A}.Release|Any CPU.ActiveCfg = Release|Any CPU
		{F7AE212E-57CF-45EC-99F7-B5B614B05A5A}.Release|Any CPU.Build.0 = Release|Any CPU
		{7F6D130B-C591-4B35-9EEF-32B1879B6FB3}.Debug|Any CPU.ActiveCfg = Debug|Any CPU
		{7F6D130B-C591-4B35-9EEF-32B1879B6FB3}.Debug|Any CPU.Build.0 = Debug|Any CPU
		{7F6D130B-C591-4B35-9EEF-32B1879B6FB3}.Release|Any CPU.ActiveCfg = Release|Any CPU
		{7F6D130B-C591-4B35-9EEF-32B1879B6FB3}.Release|Any CPU.Build.0 = Release|Any CPU
		{83F41A8F-02F4-4B26-9DA2-BA8D08A9AF02}.Debug|Any CPU.ActiveCfg = Debug|Any CPU
		{83F41A8F-02F4-4B26-9DA2-BA8D08A9AF02}.Debug|Any CPU.Build.0 = Debug|Any CPU
		{83F41A8F-02F4-4B26-9DA2-BA8D08A9AF02}.Release|Any CPU.ActiveCfg = Release|Any CPU
		{83F41A8F-02F4-4B26-9DA2-BA8D08A9AF02}.Release|Any CPU.Build.0 = Release|Any CPU
		{28144739-7600-48CA-A0EF-5D4FCFA4DBC1}.Debug|Any CPU.ActiveCfg = Debug|Any CPU
		{28144739-7600-48CA-A0EF-5D4FCFA4DBC1}.Debug|Any CPU.Build.0 = Debug|Any CPU
		{28144739-7600-48CA-A0EF-5D4FCFA4DBC1}.Release|Any CPU.ActiveCfg = Release|Any CPU
		{28144739-7600-48CA-A0EF-5D4FCFA4DBC1}.Release|Any CPU.Build.0 = Release|Any CPU
	EndGlobalSection
	GlobalSection(SolutionProperties) = preSolution
		HideSolutionNode = FALSE
	EndGlobalSection
	GlobalSection(ExtensibilityGlobals) = postSolution
		SolutionGuid = {DB297ABF-E613-4B43-8570-8AA589C74D21}
	EndGlobalSection
EndGlobal
