
Microsoft Visual Studio Solution File, Format Version 12.00
# Visual Studio 15
VisualStudioVersion = 15.0.28307.645
MinimumVisualStudioVersion = 10.0.40219.1
Project("{9A19103F-16F7-4668-BE54-9A1E7A4F7556}") = "Problem 1. Action Point", "Problem 1. Action Point\Problem 1. Action Point.csproj", "{E0323D92-D607-47CB-A7CC-E0CED651AD67}"
EndProject
Project("{9A19103F-16F7-4668-BE54-9A1E7A4F7556}") = "Problem 2. Knights of Honor", "Problem 2. Knights of Honor\Problem 2. Knights of Honor.csproj", "{90554D19-37E6-4A3A-87C8-A0DF79E5E475}"
EndProject
Project("{9A19103F-16F7-4668-BE54-9A1E7A4F7556}") = "Problem 3. Custom Min Function", "Problem 3. Custom Min Function\Problem 3. Custom Min Function.csproj", "{D913D081-57D1-4624-BA7B-D65B6581E587}"
EndProject
Project("{9A19103F-16F7-4668-BE54-9A1E7A4F7556}") = "Problem 4. Find Evens or Odds", "Problem 4. Find Evens or Odds\Problem 4. Find Evens or Odds.csproj", "{6AB2C9E4-50E4-49AE-B2BB-70AA24679560}"
EndProject
Project("{9A19103F-16F7-4668-BE54-9A1E7A4F7556}") = "Problem 5. Applied Arithmetics", "Problem 5. Applied Arithmetics\Problem 5. Applied Arithmetics.csproj", "{8E241AF5-4175-4CE8-BCA4-C6ABED332D7D}"
EndProject
Project("{FAE04EC0-301F-11D3-BF4B-00C04F79EFBC}") = "Problem 6. Reverse and Exclude", "Problem 6. Reverse and Exclude\Problem 6. Reverse and Exclude.csproj", "{5D13B17F-592B-4521-AA9E-E2D0E6368364}"
EndProject
Project("{FAE04EC0-301F-11D3-BF4B-00C04F79EFBC}") = "Problem 7. Predicate for Names", "Problem 7. Predicate for Names\Problem 7. Predicate for Names.csproj", "{27A6A398-12B3-4663-8366-18C088F718BD}"
EndProject
Global
	GlobalSection(SolutionConfigurationPlatforms) = preSolution
		Debug|Any CPU = Debug|Any CPU
		Release|Any CPU = Release|Any CPU
	EndGlobalSection
	GlobalSection(ProjectConfigurationPlatforms) = postSolution
		{E0323D92-D607-47CB-A7CC-E0CED651AD67}.Debug|Any CPU.ActiveCfg = Debug|Any CPU
		{E0323D92-D607-47CB-A7CC-E0CED651AD67}.Debug|Any CPU.Build.0 = Debug|Any CPU
		{E0323D92-D607-47CB-A7CC-E0CED651AD67}.Release|Any CPU.ActiveCfg = Release|Any CPU
		{E0323D92-D607-47CB-A7CC-E0CED651AD67}.Release|Any CPU.Build.0 = Release|Any CPU
		{90554D19-37E6-4A3A-87C8-A0DF79E5E475}.Debug|Any CPU.ActiveCfg = Debug|Any CPU
		{90554D19-37E6-4A3A-87C8-A0DF79E5E475}.Debug|Any CPU.Build.0 = Debug|Any CPU
		{90554D19-37E6-4A3A-87C8-A0DF79E5E475}.Release|Any CPU.ActiveCfg = Release|Any CPU
		{90554D19-37E6-4A3A-87C8-A0DF79E5E475}.Release|Any CPU.Build.0 = Release|Any CPU
		{D913D081-57D1-4624-BA7B-D65B6581E587}.Debug|Any CPU.ActiveCfg = Debug|Any CPU
		{D913D081-57D1-4624-BA7B-D65B6581E587}.Debug|Any CPU.Build.0 = Debug|Any CPU
		{D913D081-57D1-4624-BA7B-D65B6581E587}.Release|Any CPU.ActiveCfg = Release|Any CPU
		{D913D081-57D1-4624-BA7B-D65B6581E587}.Release|Any CPU.Build.0 = Release|Any CPU
		{6AB2C9E4-50E4-49AE-B2BB-70AA24679560}.Debug|Any CPU.ActiveCfg = Debug|Any CPU
		{6AB2C9E4-50E4-49AE-B2BB-70AA24679560}.Debug|Any CPU.Build.0 = Debug|Any CPU
		{6AB2C9E4-50E4-49AE-B2BB-70AA24679560}.Release|Any CPU.ActiveCfg = Release|Any CPU
		{6AB2C9E4-50E4-49AE-B2BB-70AA24679560}.Release|Any CPU.Build.0 = Release|Any CPU
		{8E241AF5-4175-4CE8-BCA4-C6ABED332D7D}.Debug|Any CPU.ActiveCfg = Debug|Any CPU
		{8E241AF5-4175-4CE8-BCA4-C6ABED332D7D}.Debug|Any CPU.Build.0 = Debug|Any CPU
		{8E241AF5-4175-4CE8-BCA4-C6ABED332D7D}.Release|Any CPU.ActiveCfg = Release|Any CPU
		{8E241AF5-4175-4CE8-BCA4-C6ABED332D7D}.Release|Any CPU.Build.0 = Release|Any CPU
		{5D13B17F-592B-4521-AA9E-E2D0E6368364}.Debug|Any CPU.ActiveCfg = Debug|Any CPU
		{5D13B17F-592B-4521-AA9E-E2D0E6368364}.Debug|Any CPU.Build.0 = Debug|Any CPU
		{5D13B17F-592B-4521-AA9E-E2D0E6368364}.Release|Any CPU.ActiveCfg = Release|Any CPU
		{5D13B17F-592B-4521-AA9E-E2D0E6368364}.Release|Any CPU.Build.0 = Release|Any CPU
		{27A6A398-12B3-4663-8366-18C088F718BD}.Debug|Any CPU.ActiveCfg = Debug|Any CPU
		{27A6A398-12B3-4663-8366-18C088F718BD}.Debug|Any CPU.Build.0 = Debug|Any CPU
		{27A6A398-12B3-4663-8366-18C088F718BD}.Release|Any CPU.ActiveCfg = Release|Any CPU
		{27A6A398-12B3-4663-8366-18C088F718BD}.Release|Any CPU.Build.0 = Release|Any CPU
	EndGlobalSection
	GlobalSection(SolutionProperties) = preSolution
		HideSolutionNode = FALSE
	EndGlobalSection
	GlobalSection(ExtensibilityGlobals) = postSolution
		SolutionGuid = {1099A312-3367-4A4A-83C2-56999F927597}
	EndGlobalSection
EndGlobal
