
Microsoft Visual Studio Solution File, Format Version 12.00
# Visual Studio 15
VisualStudioVersion = 15.0.28307.645
MinimumVisualStudioVersion = 10.0.40219.1
Project("{9A19103F-16F7-4668-BE54-9A1E7A4F7556}") = "Problem 1. Action Point", "Problem 1. Action Point\Problem 1. Action Point.csproj", "{E0323D92-D607-47CB-A7CC-E0CED651AD67}"
EndProject
Project("{FAE04EC0-301F-11D3-BF4B-00C04F79EFBC}") = "Problem 2. Knights of Honor", "Problem 2. Knights of Honor\Problem 2. Knights of Honor.csproj", "{90554D19-37E6-4A3A-87C8-A0DF79E5E475}"
EndProject
Global
	GlobalSection(SolutionConfigurationPlatforms) = preSolution
		Debug|Any CPU = Debug|Any CPU
		Release|Any CPU = Release|Any CPU
	EndGlobalSection
	GlobalSection(ProjectConfigurationPlatforms) = postSolution
		{E0323D92-D607-47CB-A7CC-E0CED651AD67}.Debug|Any CPU.ActiveCfg = Debug|Any CPU
		{E0323D92-D607-47CB-A7CC-E0CED651AD67}.Debug|Any CPU.Build.0 = Debug|Any CPU
		{E0323D92-D607-47CB-A7CC-E0CED651AD67}.Release|Any CPU.ActiveCfg = Release|Any CPU
		{E0323D92-D607-47CB-A7CC-E0CED651AD67}.Release|Any CPU.Build.0 = Release|Any CPU
		{90554D19-37E6-4A3A-87C8-A0DF79E5E475}.Debug|Any CPU.ActiveCfg = Debug|Any CPU
		{90554D19-37E6-4A3A-87C8-A0DF79E5E475}.Debug|Any CPU.Build.0 = Debug|Any CPU
		{90554D19-37E6-4A3A-87C8-A0DF79E5E475}.Release|Any CPU.ActiveCfg = Release|Any CPU
		{90554D19-37E6-4A3A-87C8-A0DF79E5E475}.Release|Any CPU.Build.0 = Release|Any CPU
	EndGlobalSection
	GlobalSection(SolutionProperties) = preSolution
		HideSolutionNode = FALSE
	EndGlobalSection
	GlobalSection(ExtensibilityGlobals) = postSolution
		SolutionGuid = {1099A312-3367-4A4A-83C2-56999F927597}
	EndGlobalSection
EndGlobal
