
Microsoft Visual Studio Solution File, Format Version 12.00
# Visual Studio Version 16
VisualStudioVersion = 16.0.29613.14
MinimumVisualStudioVersion = 10.0.40219.1
Project("{9092AA53-FB77-4645-B42D-1CCCA6BD08BD}") = "1.  Heroic Inventory", "1.  Heroic Inventory\1.  Heroic Inventory.njsproj", "{7185F09D-6D8A-4B96-B58B-7D3A21FA0344}"
EndProject
Project("{9092AA53-FB77-4645-B42D-1CCCA6BD08BD}") = "2. JSON’s Table", "2. JSON’s Table\2. JSON’s Table.njsproj", "{495695F2-5DF1-4EE9-A1BF-1997CAF02A19}"
EndProject
Project("{9092AA53-FB77-4645-B42D-1CCCA6BD08BD}") = "3. Cappy Juice", "3. Cappy Juice\3. Cappy Juice.njsproj", "{D68300D3-F455-462A-BFA2-FA17ECB78ED8}"
EndProject
Project("{9092AA53-FB77-4645-B42D-1CCCA6BD08BD}") = "4. Store Catalogue", "4. Store Catalogue\4. Store Catalogue.njsproj", "{484E8066-9DA8-4A59-A28A-8F406BC12246}"
EndProject
Project("{9092AA53-FB77-4645-B42D-1CCCA6BD08BD}") = "5. Auto-Engineering Company", "5. Auto-Engineering Company\5. Auto-Engineering Company.njsproj", "{E1719318-8F7C-438B-BBF9-FA6E12B988DD}"
EndProject
Project("{9092AA53-FB77-4645-B42D-1CCCA6BD08BD}") = "6. System Components", "6. System Components\6. System Components.njsproj", "{A63C019C-6702-4393-9539-92893F148288}"
EndProject
Project("{9092AA53-FB77-4645-B42D-1CCCA6BD08BD}") = "7. Usernames", "7. Usernames\7. Usernames.njsproj", "{4BD8EB64-F0E4-416F-A91B-33DBAFC6AFD4}"
EndProject
Global
	GlobalSection(SolutionConfigurationPlatforms) = preSolution
		Debug|Any CPU = Debug|Any CPU
		Release|Any CPU = Release|Any CPU
	EndGlobalSection
	GlobalSection(ProjectConfigurationPlatforms) = postSolution
		{7185F09D-6D8A-4B96-B58B-7D3A21FA0344}.Debug|Any CPU.ActiveCfg = Debug|Any CPU
		{7185F09D-6D8A-4B96-B58B-7D3A21FA0344}.Debug|Any CPU.Build.0 = Debug|Any CPU
		{7185F09D-6D8A-4B96-B58B-7D3A21FA0344}.Release|Any CPU.ActiveCfg = Release|Any CPU
		{7185F09D-6D8A-4B96-B58B-7D3A21FA0344}.Release|Any CPU.Build.0 = Release|Any CPU
		{495695F2-5DF1-4EE9-A1BF-1997CAF02A19}.Debug|Any CPU.ActiveCfg = Debug|Any CPU
		{495695F2-5DF1-4EE9-A1BF-1997CAF02A19}.Debug|Any CPU.Build.0 = Debug|Any CPU
		{495695F2-5DF1-4EE9-A1BF-1997CAF02A19}.Release|Any CPU.ActiveCfg = Release|Any CPU
		{495695F2-5DF1-4EE9-A1BF-1997CAF02A19}.Release|Any CPU.Build.0 = Release|Any CPU
		{D68300D3-F455-462A-BFA2-FA17ECB78ED8}.Debug|Any CPU.ActiveCfg = Debug|Any CPU
		{D68300D3-F455-462A-BFA2-FA17ECB78ED8}.Debug|Any CPU.Build.0 = Debug|Any CPU
		{D68300D3-F455-462A-BFA2-FA17ECB78ED8}.Release|Any CPU.ActiveCfg = Release|Any CPU
		{D68300D3-F455-462A-BFA2-FA17ECB78ED8}.Release|Any CPU.Build.0 = Release|Any CPU
		{484E8066-9DA8-4A59-A28A-8F406BC12246}.Debug|Any CPU.ActiveCfg = Debug|Any CPU
		{484E8066-9DA8-4A59-A28A-8F406BC12246}.Debug|Any CPU.Build.0 = Debug|Any CPU
		{484E8066-9DA8-4A59-A28A-8F406BC12246}.Release|Any CPU.ActiveCfg = Release|Any CPU
		{484E8066-9DA8-4A59-A28A-8F406BC12246}.Release|Any CPU.Build.0 = Release|Any CPU
		{E1719318-8F7C-438B-BBF9-FA6E12B988DD}.Debug|Any CPU.ActiveCfg = Debug|Any CPU
		{E1719318-8F7C-438B-BBF9-FA6E12B988DD}.Debug|Any CPU.Build.0 = Debug|Any CPU
		{E1719318-8F7C-438B-BBF9-FA6E12B988DD}.Release|Any CPU.ActiveCfg = Release|Any CPU
		{E1719318-8F7C-438B-BBF9-FA6E12B988DD}.Release|Any CPU.Build.0 = Release|Any CPU
		{A63C019C-6702-4393-9539-92893F148288}.Debug|Any CPU.ActiveCfg = Debug|Any CPU
		{A63C019C-6702-4393-9539-92893F148288}.Debug|Any CPU.Build.0 = Debug|Any CPU
		{A63C019C-6702-4393-9539-92893F148288}.Release|Any CPU.ActiveCfg = Release|Any CPU
		{A63C019C-6702-4393-9539-92893F148288}.Release|Any CPU.Build.0 = Release|Any CPU
		{4BD8EB64-F0E4-416F-A91B-33DBAFC6AFD4}.Debug|Any CPU.ActiveCfg = Debug|Any CPU
		{4BD8EB64-F0E4-416F-A91B-33DBAFC6AFD4}.Debug|Any CPU.Build.0 = Debug|Any CPU
		{4BD8EB64-F0E4-416F-A91B-33DBAFC6AFD4}.Release|Any CPU.ActiveCfg = Release|Any CPU
		{4BD8EB64-F0E4-416F-A91B-33DBAFC6AFD4}.Release|Any CPU.Build.0 = Release|Any CPU
	EndGlobalSection
	GlobalSection(SolutionProperties) = preSolution
		HideSolutionNode = FALSE
	EndGlobalSection
	GlobalSection(ExtensibilityGlobals) = postSolution
		SolutionGuid = {EDD9D7AB-4C04-498B-9B39-9AD2D1A58466}
	EndGlobalSection
EndGlobal
