
Microsoft Visual Studio Solution File, Format Version 12.00
# Visual Studio Version 16
VisualStudioVersion = 16.0.29613.14
MinimumVisualStudioVersion = 10.0.40219.1
Project("{FAE04EC0-301F-11D3-BF4B-00C04F79EFBC}") = "P01_HospitalDatabase", "P01_HospitalDatabase\P01_HospitalDatabase.csproj", "{DC5D6D76-44A4-475B-AE81-8913DE37F31B}"
EndProject
Global
	GlobalSection(SolutionConfigurationPlatforms) = preSolution
		Debug|Any CPU = Debug|Any CPU
		Release|Any CPU = Release|Any CPU
	EndGlobalSection
	GlobalSection(ProjectConfigurationPlatforms) = postSolution
		{DC5D6D76-44A4-475B-AE81-8913DE37F31B}.Debug|Any CPU.ActiveCfg = Debug|Any CPU
		{DC5D6D76-44A4-475B-AE81-8913DE37F31B}.Debug|Any CPU.Build.0 = Debug|Any CPU
		{DC5D6D76-44A4-475B-AE81-8913DE37F31B}.Release|Any CPU.ActiveCfg = Release|Any CPU
		{DC5D6D76-44A4-475B-AE81-8913DE37F31B}.Release|Any CPU.Build.0 = Release|Any CPU
	EndGlobalSection
	GlobalSection(SolutionProperties) = preSolution
		HideSolutionNode = FALSE
	EndGlobalSection
	GlobalSection(ExtensibilityGlobals) = postSolution
		SolutionGuid = {311DD804-913F-4402-ACEA-FC262A7683F1}
	EndGlobalSection
EndGlobal
