
Microsoft Visual Studio Solution File, Format Version 12.00
# Visual Studio 15
VisualStudioVersion = 15.0.28307.645
MinimumVisualStudioVersion = 10.0.40219.1
Project("{9A19103F-16F7-4668-BE54-9A1E7A4F7556}") = "CustomList", "CustomList\CustomList.csproj", "{8C0E5BBD-527A-4056-8DB2-23E7F2401DA8}"
EndProject
Project("{FAE04EC0-301F-11D3-BF4B-00C04F79EFBC}") = "CustomStack", "CustomStack\CustomStack.csproj", "{74BFD6CD-B102-4EFE-947D-1CBB046A89E7}"
EndProject
Global
	GlobalSection(SolutionConfigurationPlatforms) = preSolution
		Debug|Any CPU = Debug|Any CPU
		Release|Any CPU = Release|Any CPU
	EndGlobalSection
	GlobalSection(ProjectConfigurationPlatforms) = postSolution
		{8C0E5BBD-527A-4056-8DB2-23E7F2401DA8}.Debug|Any CPU.ActiveCfg = Debug|Any CPU
		{8C0E5BBD-527A-4056-8DB2-23E7F2401DA8}.Debug|Any CPU.Build.0 = Debug|Any CPU
		{8C0E5BBD-527A-4056-8DB2-23E7F2401DA8}.Release|Any CPU.ActiveCfg = Release|Any CPU
		{8C0E5BBD-527A-4056-8DB2-23E7F2401DA8}.Release|Any CPU.Build.0 = Release|Any CPU
		{74BFD6CD-B102-4EFE-947D-1CBB046A89E7}.Debug|Any CPU.ActiveCfg = Debug|Any CPU
		{74BFD6CD-B102-4EFE-947D-1CBB046A89E7}.Debug|Any CPU.Build.0 = Debug|Any CPU
		{74BFD6CD-B102-4EFE-947D-1CBB046A89E7}.Release|Any CPU.ActiveCfg = Release|Any CPU
		{74BFD6CD-B102-4EFE-947D-1CBB046A89E7}.Release|Any CPU.Build.0 = Release|Any CPU
	EndGlobalSection
	GlobalSection(SolutionProperties) = preSolution
		HideSolutionNode = FALSE
	EndGlobalSection
	GlobalSection(ExtensibilityGlobals) = postSolution
		SolutionGuid = {0EC18B55-C26E-45D5-9DB2-826F1853F82F}
	EndGlobalSection
EndGlobal
