
Microsoft Visual Studio Solution File, Format Version 12.00
# Visual Studio 15
VisualStudioVersion = 15.0.28307.645
MinimumVisualStudioVersion = 10.0.40219.1
Project("{9A19103F-16F7-4668-BE54-9A1E7A4F7556}") = "1ClassBoxData", "1ClassBoxData\1ClassBoxData.csproj", "{4F04CA67-EADE-423C-9359-A82F277FAD1A}"
EndProject
Project("{9A19103F-16F7-4668-BE54-9A1E7A4F7556}") = "AnimalFarm", "AnimalFarm\AnimalFarm.csproj", "{0CF25EEB-DB6A-463F-825F-A7BBAD4A020B}"
EndProject
Project("{FAE04EC0-301F-11D3-BF4B-00C04F79EFBC}") = "3ShoppingSpree", "3ShoppingSpree\3ShoppingSpree.csproj", "{4345625D-2FBE-4ED9-A9DA-479A444E4BEA}"
EndProject
Global
	GlobalSection(SolutionConfigurationPlatforms) = preSolution
		Debug|Any CPU = Debug|Any CPU
		Release|Any CPU = Release|Any CPU
	EndGlobalSection
	GlobalSection(ProjectConfigurationPlatforms) = postSolution
		{4F04CA67-EADE-423C-9359-A82F277FAD1A}.Debug|Any CPU.ActiveCfg = Debug|Any CPU
		{4F04CA67-EADE-423C-9359-A82F277FAD1A}.Debug|Any CPU.Build.0 = Debug|Any CPU
		{4F04CA67-EADE-423C-9359-A82F277FAD1A}.Release|Any CPU.ActiveCfg = Release|Any CPU
		{4F04CA67-EADE-423C-9359-A82F277FAD1A}.Release|Any CPU.Build.0 = Release|Any CPU
		{0CF25EEB-DB6A-463F-825F-A7BBAD4A020B}.Debug|Any CPU.ActiveCfg = Debug|Any CPU
		{0CF25EEB-DB6A-463F-825F-A7BBAD4A020B}.Debug|Any CPU.Build.0 = Debug|Any CPU
		{0CF25EEB-DB6A-463F-825F-A7BBAD4A020B}.Release|Any CPU.ActiveCfg = Release|Any CPU
		{0CF25EEB-DB6A-463F-825F-A7BBAD4A020B}.Release|Any CPU.Build.0 = Release|Any CPU
		{4345625D-2FBE-4ED9-A9DA-479A444E4BEA}.Debug|Any CPU.ActiveCfg = Debug|Any CPU
		{4345625D-2FBE-4ED9-A9DA-479A444E4BEA}.Debug|Any CPU.Build.0 = Debug|Any CPU
		{4345625D-2FBE-4ED9-A9DA-479A444E4BEA}.Release|Any CPU.ActiveCfg = Release|Any CPU
		{4345625D-2FBE-4ED9-A9DA-479A444E4BEA}.Release|Any CPU.Build.0 = Release|Any CPU
	EndGlobalSection
	GlobalSection(SolutionProperties) = preSolution
		HideSolutionNode = FALSE
	EndGlobalSection
	GlobalSection(ExtensibilityGlobals) = postSolution
		SolutionGuid = {D423738D-60EE-464E-898C-E370E38C4689}
	EndGlobalSection
EndGlobal
