
Microsoft Visual Studio Solution File, Format Version 12.00
# Visual Studio Version 16
VisualStudioVersion = 16.0.29613.14
MinimumVisualStudioVersion = 10.0.40219.1
Project("{9092AA53-FB77-4645-B42D-1CCCA6BD08BD}") = "1. Towns to JSON", "1. Towns to JSON\1. Towns to JSON.njsproj", "{7B6EB4B1-8F83-41DE-B9D7-7C3FFC2F5EE9}"
EndProject
Project("{9092AA53-FB77-4645-B42D-1CCCA6BD08BD}") = "2. Score to HTML", "2. Score to HTML\2. Score to HTML.njsproj", "{7E8C1FAF-0650-4E12-B48C-5B8B3C109007}"
EndProject
Project("{9092AA53-FB77-4645-B42D-1CCCA6BD08BD}") = "3. From JSON to HTML Table", "3. From JSON to HTML Table\3. From JSON to HTML Table.njsproj", "{E004CDB6-0634-49EB-947B-FD72B62759B2}"
EndProject
Project("{9092AA53-FB77-4645-B42D-1CCCA6BD08BD}") = "4. Sum by Town", "4. Sum by Town\4. Sum by Town.njsproj", "{A0C41DBF-D215-4ECB-8BA3-46ACC8C59525}"
EndProject
Global
	GlobalSection(SolutionConfigurationPlatforms) = preSolution
		Debug|Any CPU = Debug|Any CPU
		Release|Any CPU = Release|Any CPU
	EndGlobalSection
	GlobalSection(ProjectConfigurationPlatforms) = postSolution
		{7B6EB4B1-8F83-41DE-B9D7-7C3FFC2F5EE9}.Debug|Any CPU.ActiveCfg = Debug|Any CPU
		{7B6EB4B1-8F83-41DE-B9D7-7C3FFC2F5EE9}.Debug|Any CPU.Build.0 = Debug|Any CPU
		{7B6EB4B1-8F83-41DE-B9D7-7C3FFC2F5EE9}.Release|Any CPU.ActiveCfg = Release|Any CPU
		{7B6EB4B1-8F83-41DE-B9D7-7C3FFC2F5EE9}.Release|Any CPU.Build.0 = Release|Any CPU
		{7E8C1FAF-0650-4E12-B48C-5B8B3C109007}.Debug|Any CPU.ActiveCfg = Debug|Any CPU
		{7E8C1FAF-0650-4E12-B48C-5B8B3C109007}.Debug|Any CPU.Build.0 = Debug|Any CPU
		{7E8C1FAF-0650-4E12-B48C-5B8B3C109007}.Release|Any CPU.ActiveCfg = Release|Any CPU
		{7E8C1FAF-0650-4E12-B48C-5B8B3C109007}.Release|Any CPU.Build.0 = Release|Any CPU
		{E004CDB6-0634-49EB-947B-FD72B62759B2}.Debug|Any CPU.ActiveCfg = Debug|Any CPU
		{E004CDB6-0634-49EB-947B-FD72B62759B2}.Debug|Any CPU.Build.0 = Debug|Any CPU
		{E004CDB6-0634-49EB-947B-FD72B62759B2}.Release|Any CPU.ActiveCfg = Release|Any CPU
		{E004CDB6-0634-49EB-947B-FD72B62759B2}.Release|Any CPU.Build.0 = Release|Any CPU
		{A0C41DBF-D215-4ECB-8BA3-46ACC8C59525}.Debug|Any CPU.ActiveCfg = Debug|Any CPU
		{A0C41DBF-D215-4ECB-8BA3-46ACC8C59525}.Debug|Any CPU.Build.0 = Debug|Any CPU
		{A0C41DBF-D215-4ECB-8BA3-46ACC8C59525}.Release|Any CPU.ActiveCfg = Release|Any CPU
		{A0C41DBF-D215-4ECB-8BA3-46ACC8C59525}.Release|Any CPU.Build.0 = Release|Any CPU
	EndGlobalSection
	GlobalSection(SolutionProperties) = preSolution
		HideSolutionNode = FALSE
	EndGlobalSection
	GlobalSection(ExtensibilityGlobals) = postSolution
		SolutionGuid = {917E293E-8198-4107-8CCA-35223FFCA9AD}
	EndGlobalSection
EndGlobal
