
Microsoft Visual Studio Solution File, Format Version 12.00
# Visual Studio 15
VisualStudioVersion = 15.0.28307.645
MinimumVisualStudioVersion = 10.0.40219.1
Project("{FAE04EC0-301F-11D3-BF4B-00C04F79EFBC}") = "CAdvancedExam23June2019", "CAdvancedExam23June2019\CAdvancedExam23June2019.csproj", "{534CE5F9-4709-42DC-BB4C-6286EEB44A5F}"
EndProject
Project("{FAE04EC0-301F-11D3-BF4B-00C04F79EFBC}") = "Spaceship Crafting", "Spaceship Crafting\Spaceship Crafting.csproj", "{1371B013-6F7E-4103-AE96-6ECA07B71A36}"
EndProject
Global
	GlobalSection(SolutionConfigurationPlatforms) = preSolution
		Debug|Any CPU = Debug|Any CPU
		Release|Any CPU = Release|Any CPU
	EndGlobalSection
	GlobalSection(ProjectConfigurationPlatforms) = postSolution
		{534CE5F9-4709-42DC-BB4C-6286EEB44A5F}.Debug|Any CPU.ActiveCfg = Debug|Any CPU
		{534CE5F9-4709-42DC-BB4C-6286EEB44A5F}.Debug|Any CPU.Build.0 = Debug|Any CPU
		{534CE5F9-4709-42DC-BB4C-6286EEB44A5F}.Release|Any CPU.ActiveCfg = Release|Any CPU
		{534CE5F9-4709-42DC-BB4C-6286EEB44A5F}.Release|Any CPU.Build.0 = Release|Any CPU
		{1371B013-6F7E-4103-AE96-6ECA07B71A36}.Debug|Any CPU.ActiveCfg = Debug|Any CPU
		{1371B013-6F7E-4103-AE96-6ECA07B71A36}.Debug|Any CPU.Build.0 = Debug|Any CPU
		{1371B013-6F7E-4103-AE96-6ECA07B71A36}.Release|Any CPU.ActiveCfg = Release|Any CPU
		{1371B013-6F7E-4103-AE96-6ECA07B71A36}.Release|Any CPU.Build.0 = Release|Any CPU
	EndGlobalSection
	GlobalSection(SolutionProperties) = preSolution
		HideSolutionNode = FALSE
	EndGlobalSection
	GlobalSection(ExtensibilityGlobals) = postSolution
		SolutionGuid = {F848573C-0CC4-4C22-8857-435EB803A0FA}
	EndGlobalSection
EndGlobal
