
Microsoft Visual Studio Solution File, Format Version 12.00
# Visual Studio 15
VisualStudioVersion = 15.0.28307.645
MinimumVisualStudioVersion = 10.0.40219.1
Project("{9A19103F-16F7-4668-BE54-9A1E7A4F7556}") = "1. Sum Matrix Elements", "1. Sum Matrix Elements\1. Sum Matrix Elements.csproj", "{CB88B2A6-85C2-4BD0-842F-D6AD9B10489B}"
EndProject
Project("{9A19103F-16F7-4668-BE54-9A1E7A4F7556}") = "2. Sum Matrix Columns", "2. Sum Matrix Columns\2. Sum Matrix Columns.csproj", "{5FC61D5D-E9B3-4D1E-AB0E-A170173A6147}"
EndProject
Project("{9A19103F-16F7-4668-BE54-9A1E7A4F7556}") = "3. Primary Diagonal", "3. Primary Diagonal\3. Primary Diagonal.csproj", "{A6E9965D-6B45-45C1-A346-BBA9801ADAD6}"
EndProject
Project("{9A19103F-16F7-4668-BE54-9A1E7A4F7556}") = "4. Symbol in Matrix", "4. Symbol in Matrix\4. Symbol in Matrix.csproj", "{B8284518-C469-4DA1-8DFD-0DA3DCEABC90}"
EndProject
Project("{9A19103F-16F7-4668-BE54-9A1E7A4F7556}") = "5. Square with Maximum Sum", "5. Square with Maximum Sum\5. Square with Maximum Sum.csproj", "{B81C787E-5CA3-4C09-89CB-CFC44045C7B7}"
EndProject
Project("{9A19103F-16F7-4668-BE54-9A1E7A4F7556}") = "6. Jagged-Array Modification", "6. Jagged-Array Modification\6. Jagged-Array Modification.csproj", "{4261C867-F047-42BD-82B6-D10F0855546D}"
EndProject
Project("{FAE04EC0-301F-11D3-BF4B-00C04F79EFBC}") = "7. Pascal Triangle", "7. Pascal Triangle\7. Pascal Triangle.csproj", "{99835CA3-FED5-406D-ABCE-814844A0D47A}"
EndProject
Global
	GlobalSection(SolutionConfigurationPlatforms) = preSolution
		Debug|Any CPU = Debug|Any CPU
		Release|Any CPU = Release|Any CPU
	EndGlobalSection
	GlobalSection(ProjectConfigurationPlatforms) = postSolution
		{CB88B2A6-85C2-4BD0-842F-D6AD9B10489B}.Debug|Any CPU.ActiveCfg = Debug|Any CPU
		{CB88B2A6-85C2-4BD0-842F-D6AD9B10489B}.Debug|Any CPU.Build.0 = Debug|Any CPU
		{CB88B2A6-85C2-4BD0-842F-D6AD9B10489B}.Release|Any CPU.ActiveCfg = Release|Any CPU
		{CB88B2A6-85C2-4BD0-842F-D6AD9B10489B}.Release|Any CPU.Build.0 = Release|Any CPU
		{5FC61D5D-E9B3-4D1E-AB0E-A170173A6147}.Debug|Any CPU.ActiveCfg = Debug|Any CPU
		{5FC61D5D-E9B3-4D1E-AB0E-A170173A6147}.Debug|Any CPU.Build.0 = Debug|Any CPU
		{5FC61D5D-E9B3-4D1E-AB0E-A170173A6147}.Release|Any CPU.ActiveCfg = Release|Any CPU
		{5FC61D5D-E9B3-4D1E-AB0E-A170173A6147}.Release|Any CPU.Build.0 = Release|Any CPU
		{A6E9965D-6B45-45C1-A346-BBA9801ADAD6}.Debug|Any CPU.ActiveCfg = Debug|Any CPU
		{A6E9965D-6B45-45C1-A346-BBA9801ADAD6}.Debug|Any CPU.Build.0 = Debug|Any CPU
		{A6E9965D-6B45-45C1-A346-BBA9801ADAD6}.Release|Any CPU.ActiveCfg = Release|Any CPU
		{A6E9965D-6B45-45C1-A346-BBA9801ADAD6}.Release|Any CPU.Build.0 = Release|Any CPU
		{B8284518-C469-4DA1-8DFD-0DA3DCEABC90}.Debug|Any CPU.ActiveCfg = Debug|Any CPU
		{B8284518-C469-4DA1-8DFD-0DA3DCEABC90}.Debug|Any CPU.Build.0 = Debug|Any CPU
		{B8284518-C469-4DA1-8DFD-0DA3DCEABC90}.Release|Any CPU.ActiveCfg = Release|Any CPU
		{B8284518-C469-4DA1-8DFD-0DA3DCEABC90}.Release|Any CPU.Build.0 = Release|Any CPU
		{B81C787E-5CA3-4C09-89CB-CFC44045C7B7}.Debug|Any CPU.ActiveCfg = Debug|Any CPU
		{B81C787E-5CA3-4C09-89CB-CFC44045C7B7}.Debug|Any CPU.Build.0 = Debug|Any CPU
		{B81C787E-5CA3-4C09-89CB-CFC44045C7B7}.Release|Any CPU.ActiveCfg = Release|Any CPU
		{B81C787E-5CA3-4C09-89CB-CFC44045C7B7}.Release|Any CPU.Build.0 = Release|Any CPU
		{4261C867-F047-42BD-82B6-D10F0855546D}.Debug|Any CPU.ActiveCfg = Debug|Any CPU
		{4261C867-F047-42BD-82B6-D10F0855546D}.Debug|Any CPU.Build.0 = Debug|Any CPU
		{4261C867-F047-42BD-82B6-D10F0855546D}.Release|Any CPU.ActiveCfg = Release|Any CPU
		{4261C867-F047-42BD-82B6-D10F0855546D}.Release|Any CPU.Build.0 = Release|Any CPU
		{99835CA3-FED5-406D-ABCE-814844A0D47A}.Debug|Any CPU.ActiveCfg = Debug|Any CPU
		{99835CA3-FED5-406D-ABCE-814844A0D47A}.Debug|Any CPU.Build.0 = Debug|Any CPU
		{99835CA3-FED5-406D-ABCE-814844A0D47A}.Release|Any CPU.ActiveCfg = Release|Any CPU
		{99835CA3-FED5-406D-ABCE-814844A0D47A}.Release|Any CPU.Build.0 = Release|Any CPU
	EndGlobalSection
	GlobalSection(SolutionProperties) = preSolution
		HideSolutionNode = FALSE
	EndGlobalSection
	GlobalSection(ExtensibilityGlobals) = postSolution
		SolutionGuid = {2C5764DA-FB20-481E-A3E3-0DA33FF33523}
	EndGlobalSection
EndGlobal
