
Microsoft Visual Studio Solution File, Format Version 12.00
# Visual Studio 15
VisualStudioVersion = 15.0.28307.645
MinimumVisualStudioVersion = 10.0.40219.1
Project("{9A19103F-16F7-4668-BE54-9A1E7A4F7556}") = "Reverse Strings", "Reverse Strings\Reverse Strings.csproj", "{14A66E46-9DB5-4847-9BB5-EFC4B687B4E2}"
EndProject
Project("{9A19103F-16F7-4668-BE54-9A1E7A4F7556}") = "3. Simple Calculator", "3. Simple Calculator\3. Simple Calculator.csproj", "{AD30821B-215A-4E21-9810-192EE35FF5F5}"
EndProject
Project("{9A19103F-16F7-4668-BE54-9A1E7A4F7556}") = "2. Stack Sum", "2. Stack Sum\2. Stack Sum.csproj", "{7DCBFFB8-A7FA-4B30-B5C5-58148B9EED0B}"
EndProject
Project("{9A19103F-16F7-4668-BE54-9A1E7A4F7556}") = "4. Matching Brackets", "4. Matching Brackets\4. Matching Brackets.csproj", "{2FFEE743-FA2E-476B-A3A3-07637B25DFC1}"
EndProject
Project("{FAE04EC0-301F-11D3-BF4B-00C04F79EFBC}") = "5. Print Even Numbers", "5. Print Even Numbers\5. Print Even Numbers.csproj", "{C81ECA3C-3CAA-4A67-B388-6A7692EC5671}"
EndProject
Global
	GlobalSection(SolutionConfigurationPlatforms) = preSolution
		Debug|Any CPU = Debug|Any CPU
		Release|Any CPU = Release|Any CPU
	EndGlobalSection
	GlobalSection(ProjectConfigurationPlatforms) = postSolution
		{14A66E46-9DB5-4847-9BB5-EFC4B687B4E2}.Debug|Any CPU.ActiveCfg = Debug|Any CPU
		{14A66E46-9DB5-4847-9BB5-EFC4B687B4E2}.Debug|Any CPU.Build.0 = Debug|Any CPU
		{14A66E46-9DB5-4847-9BB5-EFC4B687B4E2}.Release|Any CPU.ActiveCfg = Release|Any CPU
		{14A66E46-9DB5-4847-9BB5-EFC4B687B4E2}.Release|Any CPU.Build.0 = Release|Any CPU
		{AD30821B-215A-4E21-9810-192EE35FF5F5}.Debug|Any CPU.ActiveCfg = Debug|Any CPU
		{AD30821B-215A-4E21-9810-192EE35FF5F5}.Debug|Any CPU.Build.0 = Debug|Any CPU
		{AD30821B-215A-4E21-9810-192EE35FF5F5}.Release|Any CPU.ActiveCfg = Release|Any CPU
		{AD30821B-215A-4E21-9810-192EE35FF5F5}.Release|Any CPU.Build.0 = Release|Any CPU
		{7DCBFFB8-A7FA-4B30-B5C5-58148B9EED0B}.Debug|Any CPU.ActiveCfg = Debug|Any CPU
		{7DCBFFB8-A7FA-4B30-B5C5-58148B9EED0B}.Debug|Any CPU.Build.0 = Debug|Any CPU
		{7DCBFFB8-A7FA-4B30-B5C5-58148B9EED0B}.Release|Any CPU.ActiveCfg = Release|Any CPU
		{7DCBFFB8-A7FA-4B30-B5C5-58148B9EED0B}.Release|Any CPU.Build.0 = Release|Any CPU
		{2FFEE743-FA2E-476B-A3A3-07637B25DFC1}.Debug|Any CPU.ActiveCfg = Debug|Any CPU
		{2FFEE743-FA2E-476B-A3A3-07637B25DFC1}.Debug|Any CPU.Build.0 = Debug|Any CPU
		{2FFEE743-FA2E-476B-A3A3-07637B25DFC1}.Release|Any CPU.ActiveCfg = Release|Any CPU
		{2FFEE743-FA2E-476B-A3A3-07637B25DFC1}.Release|Any CPU.Build.0 = Release|Any CPU
		{C81ECA3C-3CAA-4A67-B388-6A7692EC5671}.Debug|Any CPU.ActiveCfg = Debug|Any CPU
		{C81ECA3C-3CAA-4A67-B388-6A7692EC5671}.Debug|Any CPU.Build.0 = Debug|Any CPU
		{C81ECA3C-3CAA-4A67-B388-6A7692EC5671}.Release|Any CPU.ActiveCfg = Release|Any CPU
		{C81ECA3C-3CAA-4A67-B388-6A7692EC5671}.Release|Any CPU.Build.0 = Release|Any CPU
	EndGlobalSection
	GlobalSection(SolutionProperties) = preSolution
		HideSolutionNode = FALSE
	EndGlobalSection
	GlobalSection(ExtensibilityGlobals) = postSolution
		SolutionGuid = {65EB2670-9011-4A4E-80EF-926FF52C8B92}
	EndGlobalSection
EndGlobal
