
Microsoft Visual Studio Solution File, Format Version 12.00
# Visual Studio Version 16
VisualStudioVersion = 16.0.29324.140
MinimumVisualStudioVersion = 10.0.40219.1
Project("{9A19103F-16F7-4668-BE54-9A1E7A4F7556}") = "GenericBoxofString", "GenericBoxofString\GenericBoxofString.csproj", "{396D634C-3A84-466A-ADF2-980479E747D8}"
EndProject
Project("{FAE04EC0-301F-11D3-BF4B-00C04F79EFBC}") = "GenericBoxofInteger", "GenericBoxofInteger\GenericBoxofInteger.csproj", "{CDBCBDAD-5555-4153-A060-50CDDD96CCC0}"
EndProject
Project("{FAE04EC0-301F-11D3-BF4B-00C04F79EFBC}") = "GenericSwapMethodStrings", "GenericSwapMethodStrings\GenericSwapMethodStrings.csproj", "{606B0107-2DCC-464D-8F84-914B48FACBB8}"
EndProject
Global
	GlobalSection(SolutionConfigurationPlatforms) = preSolution
		Debug|Any CPU = Debug|Any CPU
		Release|Any CPU = Release|Any CPU
	EndGlobalSection
	GlobalSection(ProjectConfigurationPlatforms) = postSolution
		{396D634C-3A84-466A-ADF2-980479E747D8}.Debug|Any CPU.ActiveCfg = Debug|Any CPU
		{396D634C-3A84-466A-ADF2-980479E747D8}.Debug|Any CPU.Build.0 = Debug|Any CPU
		{396D634C-3A84-466A-ADF2-980479E747D8}.Release|Any CPU.ActiveCfg = Release|Any CPU
		{396D634C-3A84-466A-ADF2-980479E747D8}.Release|Any CPU.Build.0 = Release|Any CPU
		{CDBCBDAD-5555-4153-A060-50CDDD96CCC0}.Debug|Any CPU.ActiveCfg = Debug|Any CPU
		{CDBCBDAD-5555-4153-A060-50CDDD96CCC0}.Debug|Any CPU.Build.0 = Debug|Any CPU
		{CDBCBDAD-5555-4153-A060-50CDDD96CCC0}.Release|Any CPU.ActiveCfg = Release|Any CPU
		{CDBCBDAD-5555-4153-A060-50CDDD96CCC0}.Release|Any CPU.Build.0 = Release|Any CPU
		{606B0107-2DCC-464D-8F84-914B48FACBB8}.Debug|Any CPU.ActiveCfg = Debug|Any CPU
		{606B0107-2DCC-464D-8F84-914B48FACBB8}.Debug|Any CPU.Build.0 = Debug|Any CPU
		{606B0107-2DCC-464D-8F84-914B48FACBB8}.Release|Any CPU.ActiveCfg = Release|Any CPU
		{606B0107-2DCC-464D-8F84-914B48FACBB8}.Release|Any CPU.Build.0 = Release|Any CPU
	EndGlobalSection
	GlobalSection(SolutionProperties) = preSolution
		HideSolutionNode = FALSE
	EndGlobalSection
	GlobalSection(ExtensibilityGlobals) = postSolution
		SolutionGuid = {78F1AF5B-D3C3-4ED8-ADBD-86C17EC9E7E6}
	EndGlobalSection
EndGlobal
